
Microsoft Visual Studio Solution File, Format Version 12.00
# Visual Studio Version 16
VisualStudioVersion = 16.0.31605.320
MinimumVisualStudioVersion = 10.0.40219.1
Project("{FAE04EC0-301F-11D3-BF4B-00C04F79EFBC}") = "Calculator", "Calculator\Calculator.csproj", "{7BEAB33B-B8E2-4837-8734-8960FD2AC9A5}"
EndProject
Global
	GlobalSection(SolutionConfigurationPlatforms) = preSolution
		Debug|Any CPU = Debug|Any CPU
		Release|Any CPU = Release|Any CPU
	EndGlobalSection
	GlobalSection(ProjectConfigurationPlatforms) = postSolution
		{7BEAB33B-B8E2-4837-8734-8960FD2AC9A5}.Debug|Any CPU.ActiveCfg = Debug|Any CPU
		{7BEAB33B-B8E2-4837-8734-8960FD2AC9A5}.Debug|Any CPU.Build.0 = Debug|Any CPU
		{7BEAB33B-B8E2-4837-8734-8960FD2AC9A5}.Release|Any CPU.ActiveCfg = Release|Any CPU
		{7BEAB33B-B8E2-4837-8734-8960FD2AC9A5}.Release|Any CPU.Build.0 = Release|Any CPU
	EndGlobalSection
	GlobalSection(SolutionProperties) = preSolution
		HideSolutionNode = FALSE
	EndGlobalSection
	GlobalSection(ExtensibilityGlobals) = postSolution
		SolutionGuid = {2D190525-5CBF-4441-8E09-5BD5679C5B3F}
	EndGlobalSection
EndGlobal
